
Microsoft Visual Studio Solution File, Format Version 12.00
# Visual Studio Version 17
VisualStudioVersion = 17.8.34004.107
MinimumVisualStudioVersion = 10.0.40219.1
Project("{FAE04EC0-301F-11D3-BF4B-00C04F79EFBC}") = "ConsoleApp13", "ConsoleApp13.csproj", "{88FD5271-E19B-4F9C-9590-2E2CC645AE74}"
EndProject
Global
	GlobalSection(SolutionConfigurationPlatforms) = preSolution
		Debug|Any CPU = Debug|Any CPU
		Release|Any CPU = Release|Any CPU
	EndGlobalSection
	GlobalSection(ProjectConfigurationPlatforms) = postSolution
		{88FD5271-E19B-4F9C-9590-2E2CC645AE74}.Debug|Any CPU.ActiveCfg = Debug|Any CPU
		{88FD5271-E19B-4F9C-9590-2E2CC645AE74}.Debug|Any CPU.Build.0 = Debug|Any CPU
		{88FD5271-E19B-4F9C-9590-2E2CC645AE74}.Release|Any CPU.ActiveCfg = Release|Any CPU
		{88FD5271-E19B-4F9C-9590-2E2CC645AE74}.Release|Any CPU.Build.0 = Release|Any CPU
	EndGlobalSection
	GlobalSection(SolutionProperties) = preSolution
		HideSolutionNode = FALSE
	EndGlobalSection
	GlobalSection(ExtensibilityGlobals) = postSolution
		SolutionGuid = {51E26538-746F-4786-86F6-38F1A7057965}
	EndGlobalSection
EndGlobal
